{
  "name": "PHP",
  "lockfileVersion": 3,
  "requires": true,
  "packages": {
    "": {
      "dependencies": {
        "vercel-php": "github:vercel-community/php"
      }
    },
    "node_modules/@libphp/amazon-linux-2-v83": {
      "version": "0.0.2",
      "resolved": "https://registry.npmjs.org/@libphp/amazon-linux-2-v83/-/amazon-linux-2-v83-0.0.2.tgz",
      "integrity": "sha512-58VTnDyBR1coAa/mfGXigNHuN3cmXIvrxyFypUiApNYR37B7LsHH8ATIBVVa5OSFgCUgLvKzjGY7pklY690Jig=="
    },
    "node_modules/vercel-php": {
      "version": "0.7.1",
      "resolved": "git+ssh://git@github.com/vercel-community/php.git#e1ade1d7ef0bfab2a75d77675f6ad504e5002534",
      "license": "MIT",
      "dependencies": {
        "@libphp/amazon-linux-2-v83": "latest"
      }
    }
  }
}
